
Microsoft Visual Studio Solution File, Format Version 12.00
# Visual Studio 15
VisualStudioVersion = 15.0.27130.2020
MinimumVisualStudioVersion = 10.0.40219.1
Project("{FAE04EC0-301F-11D3-BF4B-00C04F79EFBC}") = "grittest", "All\grittest.csproj", "{E57CB92F-3175-494E-A41B-58AB72DB29AA}"
EndProject
Global
	GlobalSection(SolutionConfigurationPlatforms) = preSolution
		Debug|Any CPU = Debug|Any CPU
		Release|Any CPU = Release|Any CPU
	EndGlobalSection
	GlobalSection(ProjectConfigurationPlatforms) = postSolution
		{E57CB92F-3175-494E-A41B-58AB72DB29AA}.Debug|Any CPU.ActiveCfg = Debug|Any CPU
		{E57CB92F-3175-494E-A41B-58AB72DB29AA}.Debug|Any CPU.Build.0 = Debug|Any CPU
		{E57CB92F-3175-494E-A41B-58AB72DB29AA}.Release|Any CPU.ActiveCfg = Release|Any CPU
		{E57CB92F-3175-494E-A41B-58AB72DB29AA}.Release|Any CPU.Build.0 = Release|Any CPU
	EndGlobalSection
	GlobalSection(SolutionProperties) = preSolution
		HideSolutionNode = FALSE
	EndGlobalSection
	GlobalSection(ExtensibilityGlobals) = postSolution
		SolutionGuid = {E6205AEB-850A-44C9-A532-7748AC6D63BC}
	EndGlobalSection
EndGlobal
